
Microsoft Visual Studio Solution File, Format Version 12.00
# Visual Studio Version 17
VisualStudioVersion = 17.14.36414.22 d17.14
MinimumVisualStudioVersion = 10.0.40219.1
Project("{FAE04EC0-301F-11D3-BF4B-00C04F79EFBC}") = "CMCS_Part3", "CMCS_Part3\CMCS_Part3.csproj", "{ECEDBC7C-BF6F-46EC-988A-66C5B9693C66}"
EndProject
Global
	GlobalSection(SolutionConfigurationPlatforms) = preSolution
		Debug|Any CPU = Debug|Any CPU
		Release|Any CPU = Release|Any CPU
	EndGlobalSection
	GlobalSection(ProjectConfigurationPlatforms) = postSolution
		{ECEDBC7C-BF6F-46EC-988A-66C5B9693C66}.Debug|Any CPU.ActiveCfg = Debug|Any CPU
		{ECEDBC7C-BF6F-46EC-988A-66C5B9693C66}.Debug|Any CPU.Build.0 = Debug|Any CPU
		{ECEDBC7C-BF6F-46EC-988A-66C5B9693C66}.Release|Any CPU.ActiveCfg = Release|Any CPU
		{ECEDBC7C-BF6F-46EC-988A-66C5B9693C66}.Release|Any CPU.Build.0 = Release|Any CPU
	EndGlobalSection
	GlobalSection(SolutionProperties) = preSolution
		HideSolutionNode = FALSE
	EndGlobalSection
	GlobalSection(ExtensibilityGlobals) = postSolution
		SolutionGuid = {66ABD313-DD0C-4648-9C65-8C2809CC4D53}
	EndGlobalSection
EndGlobal
